// !$*UTF8*$!
{
	archiveVersion = 1;
	classes = {
	};
	objectVersion = 50;
	objects = {

/* Begin PBXBuildFile section */
		44108A4D22856CA900B51EEC /* CacheItemProtocol.swift in Sources */ = {isa = PBXBuildFile; fileRef = 44108A4C22856CA900B51EEC /* CacheItemProtocol.swift */; };
		44156EB3227C6A4900382C4F /* AppDelegate.swift in Sources */ = {isa = PBXBuildFile; fileRef = 44156EB2227C6A4900382C4F /* AppDelegate.swift */; };
		44156EB5227C6A4900382C4F /* ViewController.swift in Sources */ = {isa = PBXBuildFile; fileRef = 44156EB4227C6A4900382C4F /* ViewController.swift */; };
		44156EBA227C6A4B00382C4F /* Assets.xcassets in Resources */ = {isa = PBXBuildFile; fileRef = 44156EB9227C6A4B00382C4F /* Assets.xcassets */; };
		44156EBD227C6A4B00382C4F /* LaunchScreen.storyboard in Resources */ = {isa = PBXBuildFile; fileRef = 44156EBB227C6A4B00382C4F /* LaunchScreen.storyboard */; };
		44156EC5227C6AEF00382C4F /* NonPersistantObjectCache.swift in Sources */ = {isa = PBXBuildFile; fileRef = 44156EC4227C6AEF00382C4F /* NonPersistantObjectCache.swift */; };
		44156EC8227C7F2600382C4F /* EmployeeInfoTableViewCell.swift in Sources */ = {isa = PBXBuildFile; fileRef = 44156EC6227C7F2600382C4F /* EmployeeInfoTableViewCell.swift */; };
		44156EC9227C7F2600382C4F /* EmployeeInfoTableViewCell.xib in Resources */ = {isa = PBXBuildFile; fileRef = 44156EC7227C7F2600382C4F /* EmployeeInfoTableViewCell.xib */; };
		44156ECC227C84CE00382C4F /* AddImageViewController.swift in Sources */ = {isa = PBXBuildFile; fileRef = 44156ECA227C84CE00382C4F /* AddImageViewController.swift */; };
		44156ECD227C84CE00382C4F /* AddImageViewController.xib in Resources */ = {isa = PBXBuildFile; fileRef = 44156ECB227C84CE00382C4F /* AddImageViewController.xib */; };
		44156ECF227C873200382C4F /* ViewController.xib in Resources */ = {isa = PBXBuildFile; fileRef = 44156ECE227C873200382C4F /* ViewController.xib */; };
		44212CD522843C07009B5A95 /* CacheItem.swift in Sources */ = {isa = PBXBuildFile; fileRef = 44212CD422843C07009B5A95 /* CacheItem.swift */; };
		44F9267822849E4D007C1685 /* NonPersistantImageCacheTests.swift in Sources */ = {isa = PBXBuildFile; fileRef = 44F9267722849E4D007C1685 /* NonPersistantImageCacheTests.swift */; };
/* End PBXBuildFile section */

/* Begin PBXContainerItemProxy section */
		44F92672228498E2007C1685 /* PBXContainerItemProxy */ = {
			isa = PBXContainerItemProxy;
			containerPortal = 44156EA7227C6A4900382C4F /* Project object */;
			proxyType = 1;
			remoteGlobalIDString = 44156EAE227C6A4900382C4F;
			remoteInfo = CachingImages;
		};
/* End PBXContainerItemProxy section */

/* Begin PBXFileReference section */
		44108A4C22856CA900B51EEC /* CacheItemProtocol.swift */ = {isa = PBXFileReference; lastKnownFileType = sourcecode.swift; path = CacheItemProtocol.swift; sourceTree = "<group>"; };
		44156EAF227C6A4900382C4F /* CachingImages.app */ = {isa = PBXFileReference; explicitFileType = wrapper.application; includeInIndex = 0; path = CachingImages.app; sourceTree = BUILT_PRODUCTS_DIR; };
		44156EB2227C6A4900382C4F /* AppDelegate.swift */ = {isa = PBXFileReference; lastKnownFileType = sourcecode.swift; path = AppDelegate.swift; sourceTree = "<group>"; };
		44156EB4227C6A4900382C4F /* ViewController.swift */ = {isa = PBXFileReference; lastKnownFileType = sourcecode.swift; path = ViewController.swift; sourceTree = "<group>"; };
		44156EB9227C6A4B00382C4F /* Assets.xcassets */ = {isa = PBXFileReference; lastKnownFileType = folder.assetcatalog; path = Assets.xcassets; sourceTree = "<group>"; };
		44156EBC227C6A4B00382C4F /* Base */ = {isa = PBXFileReference; lastKnownFileType = file.storyboard; name = Base; path = Base.lproj/LaunchScreen.storyboard; sourceTree = "<group>"; };
		44156EBE227C6A4B00382C4F /* Info.plist */ = {isa = PBXFileReference; lastKnownFileType = text.plist.xml; path = Info.plist; sourceTree = "<group>"; };
		44156EC4227C6AEF00382C4F /* NonPersistantObjectCache.swift */ = {isa = PBXFileReference; lastKnownFileType = sourcecode.swift; path = NonPersistantObjectCache.swift; sourceTree = "<group>"; };
		44156EC6227C7F2600382C4F /* EmployeeInfoTableViewCell.swift */ = {isa = PBXFileReference; lastKnownFileType = sourcecode.swift; path = EmployeeInfoTableViewCell.swift; sourceTree = "<group>"; };
		44156EC7227C7F2600382C4F /* EmployeeInfoTableViewCell.xib */ = {isa = PBXFileReference; lastKnownFileType = file.xib; path = EmployeeInfoTableViewCell.xib; sourceTree = "<group>"; };
		44156ECA227C84CE00382C4F /* AddImageViewController.swift */ = {isa = PBXFileReference; lastKnownFileType = sourcecode.swift; path = AddImageViewController.swift; sourceTree = "<group>"; };
		44156ECB227C84CE00382C4F /* AddImageViewController.xib */ = {isa = PBXFileReference; lastKnownFileType = file.xib; path = AddImageViewController.xib; sourceTree = "<group>"; };
		44156ECE227C873200382C4F /* ViewController.xib */ = {isa = PBXFileReference; lastKnownFileType = file.xib; path = ViewController.xib; sourceTree = "<group>"; };
		44212CD422843C07009B5A95 /* CacheItem.swift */ = {isa = PBXFileReference; lastKnownFileType = sourcecode.swift; path = CacheItem.swift; sourceTree = "<group>"; };
		44F9266D228498E2007C1685 /* CachingImagesTests.xctest */ = {isa = PBXFileReference; explicitFileType = wrapper.cfbundle; includeInIndex = 0; path = CachingImagesTests.xctest; sourceTree = BUILT_PRODUCTS_DIR; };
		44F92671228498E2007C1685 /* Info.plist */ = {isa = PBXFileReference; lastKnownFileType = text.plist.xml; path = Info.plist; sourceTree = "<group>"; };
		44F9267722849E4D007C1685 /* NonPersistantImageCacheTests.swift */ = {isa = PBXFileReference; lastKnownFileType = sourcecode.swift; path = NonPersistantImageCacheTests.swift; sourceTree = "<group>"; };
/* End PBXFileReference section */

/* Begin PBXFrameworksBuildPhase section */
		44156EAC227C6A4900382C4F /* Frameworks */ = {
			isa = PBXFrameworksBuildPhase;
			buildActionMask = 2147483647;
			files = (
			);
			runOnlyForDeploymentPostprocessing = 0;
		};
		44F9266A228498E2007C1685 /* Frameworks */ = {
			isa = PBXFrameworksBuildPhase;
			buildActionMask = 2147483647;
			files = (
			);
			runOnlyForDeploymentPostprocessing = 0;
		};
/* End PBXFrameworksBuildPhase section */

/* Begin PBXGroup section */
		44108A4B22856C8400B51EEC /* CacheComponents */ = {
			isa = PBXGroup;
			children = (
				44212CD422843C07009B5A95 /* CacheItem.swift */,
				44108A4C22856CA900B51EEC /* CacheItemProtocol.swift */,
				44156EC4227C6AEF00382C4F /* NonPersistantObjectCache.swift */,
			);
			path = CacheComponents;
			sourceTree = "<group>";
		};
		44156EA6227C6A4900382C4F = {
			isa = PBXGroup;
			children = (
				44156EB1227C6A4900382C4F /* CachingImages */,
				44F9266E228498E2007C1685 /* CachingImagesTests */,
				44156EB0227C6A4900382C4F /* Products */,
			);
			sourceTree = "<group>";
		};
		44156EB0227C6A4900382C4F /* Products */ = {
			isa = PBXGroup;
			children = (
				44156EAF227C6A4900382C4F /* CachingImages.app */,
				44F9266D228498E2007C1685 /* CachingImagesTests.xctest */,
			);
			name = Products;
			sourceTree = "<group>";
		};
		44156EB1227C6A4900382C4F /* CachingImages */ = {
			isa = PBXGroup;
			children = (
				44108A4B22856C8400B51EEC /* CacheComponents */,
				44156EB2227C6A4900382C4F /* AppDelegate.swift */,
				44156EB4227C6A4900382C4F /* ViewController.swift */,
				44156ECE227C873200382C4F /* ViewController.xib */,
				44156EB9227C6A4B00382C4F /* Assets.xcassets */,
				44156EBB227C6A4B00382C4F /* LaunchScreen.storyboard */,
				44156EBE227C6A4B00382C4F /* Info.plist */,
				44156EC6227C7F2600382C4F /* EmployeeInfoTableViewCell.swift */,
				44156EC7227C7F2600382C4F /* EmployeeInfoTableViewCell.xib */,
				44156ECA227C84CE00382C4F /* AddImageViewController.swift */,
				44156ECB227C84CE00382C4F /* AddImageViewController.xib */,
			);
			path = CachingImages;
			sourceTree = "<group>";
		};
		44F9266E228498E2007C1685 /* CachingImagesTests */ = {
			isa = PBXGroup;
			children = (
				44F92671228498E2007C1685 /* Info.plist */,
				44F9267722849E4D007C1685 /* NonPersistantImageCacheTests.swift */,
			);
			path = CachingImagesTests;
			sourceTree = "<group>";
		};
/* End PBXGroup section */

/* Begin PBXNativeTarget section */
		44156EAE227C6A4900382C4F /* CachingImages */ = {
			isa = PBXNativeTarget;
			buildConfigurationList = 44156EC1227C6A4B00382C4F /* Build configuration list for PBXNativeTarget "CachingImages" */;
			buildPhases = (
				44156EAB227C6A4900382C4F /* Sources */,
				44156EAC227C6A4900382C4F /* Frameworks */,
				44156EAD227C6A4900382C4F /* Resources */,
			);
			buildRules = (
			);
			dependencies = (
			);
			name = CachingImages;
			productName = CachingImages;
			productReference = 44156EAF227C6A4900382C4F /* CachingImages.app */;
			productType = "com.apple.product-type.application";
		};
		44F9266C228498E2007C1685 /* CachingImagesTests */ = {
			isa = PBXNativeTarget;
			buildConfigurationList = 44F92676228498E2007C1685 /* Build configuration list for PBXNativeTarget "CachingImagesTests" */;
			buildPhases = (
				44F92669228498E2007C1685 /* Sources */,
				44F9266A228498E2007C1685 /* Frameworks */,
				44F9266B228498E2007C1685 /* Resources */,
			);
			buildRules = (
			);
			dependencies = (
				44F92673228498E2007C1685 /* PBXTargetDependency */,
			);
			name = CachingImagesTests;
			productName = CachingImagesTests;
			productReference = 44F9266D228498E2007C1685 /* CachingImagesTests.xctest */;
			productType = "com.apple.product-type.bundle.unit-test";
		};
/* End PBXNativeTarget section */

/* Begin PBXProject section */
		44156EA7227C6A4900382C4F /* Project object */ = {
			isa = PBXProject;
			attributes = {
				LastSwiftUpdateCheck = 1020;
				LastUpgradeCheck = 1020;
				ORGANIZATIONNAME = Surendra;
				TargetAttributes = {
					44156EAE227C6A4900382C4F = {
						CreatedOnToolsVersion = 10.2.1;
					};
					44F9266C228498E2007C1685 = {
						CreatedOnToolsVersion = 10.2.1;
						TestTargetID = 44156EAE227C6A4900382C4F;
					};
				};
			};
			buildConfigurationList = 44156EAA227C6A4900382C4F /* Build configuration list for PBXProject "CachingImages" */;
			compatibilityVersion = "Xcode 9.3";
			developmentRegion = en;
			hasScannedForEncodings = 0;
			knownRegions = (
				en,
				Base,
			);
			mainGroup = 44156EA6227C6A4900382C4F;
			productRefGroup = 44156EB0227C6A4900382C4F /* Products */;
			projectDirPath = "";
			projectRoot = "";
			targets = (
				44156EAE227C6A4900382C4F /* CachingImages */,
				44F9266C228498E2007C1685 /* CachingImagesTests */,
			);
		};
/* End PBXProject section */

/* Begin PBXResourcesBuildPhase section */
		44156EAD227C6A4900382C4F /* Resources */ = {
			isa = PBXResourcesBuildPhase;
			buildActionMask = 2147483647;
			files = (
				44156ECF227C873200382C4F /* ViewController.xib in Resources */,
				44156EBD227C6A4B00382C4F /* LaunchScreen.storyboard in Resources */,
				44156EC9227C7F2600382C4F /* EmployeeInfoTableViewCell.xib in Resources */,
				44156EBA227C6A4B00382C4F /* Assets.xcassets in Resources */,
				44156ECD227C84CE00382C4F /* AddImageViewController.xib in Resources */,
			);
			runOnlyForDeploymentPostprocessing = 0;
		};
		44F9266B228498E2007C1685 /* Resources */ = {
			isa = PBXResourcesBuildPhase;
			buildActionMask = 2147483647;
			files = (
			);
			runOnlyForDeploymentPostprocessing = 0;
		};
/* End PBXResourcesBuildPhase section */

/* Begin PBXSourcesBuildPhase section */
		44156EAB227C6A4900382C4F /* Sources */ = {
			isa = PBXSourcesBuildPhase;
			buildActionMask = 2147483647;
			files = (
				44156EC5227C6AEF00382C4F /* NonPersistantObjectCache.swift in Sources */,
				44156EC8227C7F2600382C4F /* EmployeeInfoTableViewCell.swift in Sources */,
				44156EB5227C6A4900382C4F /* ViewController.swift in Sources */,
				44108A4D22856CA900B51EEC /* CacheItemProtocol.swift in Sources */,
				44212CD522843C07009B5A95 /* CacheItem.swift in Sources */,
				44156ECC227C84CE00382C4F /* AddImageViewController.swift in Sources */,
				44156EB3227C6A4900382C4F /* AppDelegate.swift in Sources */,
			);
			runOnlyForDeploymentPostprocessing = 0;
		};
		44F92669228498E2007C1685 /* Sources */ = {
			isa = PBXSourcesBuildPhase;
			buildActionMask = 2147483647;
			files = (
				44F9267822849E4D007C1685 /* NonPersistantImageCacheTests.swift in Sources */,
			);
			runOnlyForDeploymentPostprocessing = 0;
		};
/* End PBXSourcesBuildPhase section */

/* Begin PBXTargetDependency section */
		44F92673228498E2007C1685 /* PBXTargetDependency */ = {
			isa = PBXTargetDependency;
			target = 44156EAE227C6A4900382C4F /* CachingImages */;
			targetProxy = 44F92672228498E2007C1685 /* PBXContainerItemProxy */;
		};
/* End PBXTargetDependency section */

/* Begin PBXVariantGroup section */
		44156EBB227C6A4B00382C4F /* LaunchScreen.storyboard */ = {
			isa = PBXVariantGroup;
			children = (
				44156EBC227C6A4B00382C4F /* Base */,
			);
			name = LaunchScreen.storyboard;
			sourceTree = "<group>";
		};
/* End PBXVariantGroup section */

/* Begin XCBuildConfiguration section */
		44156EBF227C6A4B00382C4F /* Debug */ = {
			isa = XCBuildConfiguration;
			buildSettings = {
				ALWAYS_SEARCH_USER_PATHS = NO;
				CLANG_ANALYZER_NONNULL = YES;
				CLANG_ANALYZER_NUMBER_OBJECT_CONVERSION = YES_AGGRESSIVE;
				CLANG_CXX_LANGUAGE_STANDARD = "gnu++14";
				CLANG_CXX_LIBRARY = "libc++";
				CLANG_ENABLE_MODULES = YES;
				CLANG_ENABLE_OBJC_ARC = YES;
				CLANG_ENABLE_OBJC_WEAK = YES;
				CLANG_WARN_BLOCK_CAPTURE_AUTORELEASING = YES;
				CLANG_WARN_BOOL_CONVERSION = YES;
				CLANG_WARN_COMMA = YES;
				CLANG_WARN_CONSTANT_CONVERSION = YES;
				CLANG_WARN_DEPRECATED_OBJC_IMPLEMENTATIONS = YES;
				CLANG_WARN_DIRECT_OBJC_ISA_USAGE = YES_ERROR;
				CLANG_WARN_DOCUMENTATION_COMMENTS = YES;
				CLANG_WARN_EMPTY_BODY = YES;
				CLANG_WARN_ENUM_CONVERSION = YES;
				CLANG_WARN_INFINITE_RECURSION = YES;
				CLANG_WARN_INT_CONVERSION = YES;
				CLANG_WARN_NON_LITERAL_NULL_CONVERSION = YES;
				CLANG_WARN_OBJC_IMPLICIT_RETAIN_SELF = YES;
				CLANG_WARN_OBJC_LITERAL_CONVERSION = YES;
				CLANG_WARN_OBJC_ROOT_CLASS = YES_ERROR;
				CLANG_WARN_RANGE_LOOP_ANALYSIS = YES;
				CLANG_WARN_STRICT_PROTOTYPES = YES;
				CLANG_WARN_SUSPICIOUS_MOVE = YES;
				CLANG_WARN_UNGUARDED_AVAILABILITY = YES_AGGRESSIVE;
				CLANG_WARN_UNREACHABLE_CODE = YES;
				CLANG_WARN__DUPLICATE_METHOD_MATCH = YES;
				CODE_SIGN_IDENTITY = "iPhone Developer";
				COPY_PHASE_STRIP = NO;
				DEBUG_INFORMATION_FORMAT = dwarf;
				ENABLE_STRICT_OBJC_MSGSEND = YES;
				ENABLE_TESTABILITY = YES;
				GCC_C_LANGUAGE_STANDARD = gnu11;
				GCC_DYNAMIC_NO_PIC = NO;
				GCC_NO_COMMON_BLOCKS = YES;
				GCC_OPTIMIZATION_LEVEL = 0;
				GCC_PREPROCESSOR_DEFINITIONS = (
					"DEBUG=1",
					"$(inherited)",
				);
				GCC_WARN_64_TO_32_BIT_CONVERSION = YES;
				GCC_WARN_ABOUT_RETURN_TYPE = YES_ERROR;
				GCC_WARN_UNDECLARED_SELECTOR = YES;
				GCC_WARN_UNINITIALIZED_AUTOS = YES_AGGRESSIVE;
				GCC_WARN_UNUSED_FUNCTION = YES;
				GCC_WARN_UNUSED_VARIABLE = YES;
				IPHONEOS_DEPLOYMENT_TARGET = 12.2;
				MTL_ENABLE_DEBUG_INFO = INCLUDE_SOURCE;
				MTL_FAST_MATH = YES;
				ONLY_ACTIVE_ARCH = YES;
				SDKROOT = iphoneos;
				SWIFT_ACTIVE_COMPILATION_CONDITIONS = DEBUG;
				SWIFT_OPTIMIZATION_LEVEL = "-Onone";
			};
			name = Debug;
		};
		44156EC0227C6A4B00382C4F /* Release */ = {
			isa = XCBuildConfiguration;
			buildSettings = {
				ALWAYS_SEARCH_USER_PATHS = NO;
				CLANG_ANALYZER_NONNULL = YES;
				CLANG_ANALYZER_NUMBER_OBJECT_CONVERSION = YES_AGGRESSIVE;
				CLANG_CXX_LANGUAGE_STANDARD = "gnu++14";
				CLANG_CXX_LIBRARY = "libc++";
				CLANG_ENABLE_MODULES = YES;
				CLANG_ENABLE_OBJC_ARC = YES;
				CLANG_ENABLE_OBJC_WEAK = YES;
				CLANG_WARN_BLOCK_CAPTURE_AUTORELEASING = YES;
				CLANG_WARN_BOOL_CONVERSION = YES;
				CLANG_WARN_COMMA = YES;
				CLANG_WARN_CONSTANT_CONVERSION = YES;
				CLANG_WARN_DEPRECATED_OBJC_IMPLEMENTATIONS = YES;
				CLANG_WARN_DIRECT_OBJC_ISA_USAGE = YES_ERROR;
				CLANG_WARN_DOCUMENTATION_COMMENTS = YES;
				CLANG_WARN_EMPTY_BODY = YES;
				CLANG_WARN_ENUM_CONVERSION = YES;
				CLANG_WARN_INFINITE_RECURSION = YES;
				CLANG_WARN_INT_CONVERSION = YES;
				CLANG_WARN_NON_LITERAL_NULL_CONVERSION = YES;
				CLANG_WARN_OBJC_IMPLICIT_RETAIN_SELF = YES;
				CLANG_WARN_OBJC_LITERAL_CONVERSION = YES;
				CLANG_WARN_OBJC_ROOT_CLASS = YES_ERROR;
				CLANG_WARN_RANGE_LOOP_ANALYSIS = YES;
				CLANG_WARN_STRICT_PROTOTYPES = YES;
				CLANG_WARN_SUSPICIOUS_MOVE = YES;
				CLANG_WARN_UNGUARDED_AVAILABILITY = YES_AGGRESSIVE;
				CLANG_WARN_UNREACHABLE_CODE = YES;
				CLANG_WARN__DUPLICATE_METHOD_MATCH = YES;
				CODE_SIGN_IDENTITY = "iPhone Developer";
				COPY_PHASE_STRIP = NO;
				DEBUG_INFORMATION_FORMAT = "dwarf-with-dsym";
				ENABLE_NS_ASSERTIONS = NO;
				ENABLE_STRICT_OBJC_MSGSEND = YES;
				GCC_C_LANGUAGE_STANDARD = gnu11;
				GCC_NO_COMMON_BLOCKS = YES;
				GCC_WARN_64_TO_32_BIT_CONVERSION = YES;
				GCC_WARN_ABOUT_RETURN_TYPE = YES_ERROR;
				GCC_WARN_UNDECLARED_SELECTOR = YES;
				GCC_WARN_UNINITIALIZED_AUTOS = YES_AGGRESSIVE;
				GCC_WARN_UNUSED_FUNCTION = YES;
				GCC_WARN_UNUSED_VARIABLE = YES;
				IPHONEOS_DEPLOYMENT_TARGET = 12.2;
				MTL_ENABLE_DEBUG_INFO = NO;
				MTL_FAST_MATH = YES;
				SDKROOT = iphoneos;
				SWIFT_COMPILATION_MODE = wholemodule;
				SWIFT_OPTIMIZATION_LEVEL = "-O";
				VALIDATE_PRODUCT = YES;
			};
			name = Release;
		};
		44156EC2227C6A4B00382C4F /* Debug */ = {
			isa = XCBuildConfiguration;
			buildSettings = {
				ASSETCATALOG_COMPILER_APPICON_NAME = AppIcon;
				CODE_SIGN_STYLE = Automatic;
				DEVELOPMENT_TEAM = A6LEV3WJH3;
				INFOPLIST_FILE = CachingImages/Info.plist;
				IPHONEOS_DEPLOYMENT_TARGET = 10.0;
				LD_RUNPATH_SEARCH_PATHS = (
					"$(inherited)",
					"@executable_path/Frameworks",
				);
				PRODUCT_BUNDLE_IDENTIFIER = com.surendra.CachingImages;
				PRODUCT_NAME = "$(TARGET_NAME)";
				SWIFT_VERSION = 5.0;
				TARGETED_DEVICE_FAMILY = 1;
			};
			name = Debug;
		};
		44156EC3227C6A4B00382C4F /* Release */ = {
			isa = XCBuildConfiguration;
			buildSettings = {
				ASSETCATALOG_COMPILER_APPICON_NAME = AppIcon;
				CODE_SIGN_STYLE = Automatic;
				DEVELOPMENT_TEAM = A6LEV3WJH3;
				INFOPLIST_FILE = CachingImages/Info.plist;
				IPHONEOS_DEPLOYMENT_TARGET = 10.0;
				LD_RUNPATH_SEARCH_PATHS = (
					"$(inherited)",
					"@executable_path/Frameworks",
				);
				PRODUCT_BUNDLE_IDENTIFIER = com.surendra.CachingImages;
				PRODUCT_NAME = "$(TARGET_NAME)";
				SWIFT_VERSION = 5.0;
				TARGETED_DEVICE_FAMILY = 1;
			};
			name = Release;
		};
		44F92674228498E2007C1685 /* Debug */ = {
			isa = XCBuildConfiguration;
			buildSettings = {
				BUNDLE_LOADER = "$(TEST_HOST)";
				CODE_SIGN_STYLE = Automatic;
				DEVELOPMENT_TEAM = A6LEV3WJH3;
				INFOPLIST_FILE = CachingImagesTests/Info.plist;
				IPHONEOS_DEPLOYMENT_TARGET = 11.4;
				LD_RUNPATH_SEARCH_PATHS = (
					"$(inherited)",
					"@executable_path/Frameworks",
					"@loader_path/Frameworks",
				);
				PRODUCT_BUNDLE_IDENTIFIER = com.surendra.CachingImagesTests;
				PRODUCT_NAME = "$(TARGET_NAME)";
				SWIFT_VERSION = 5.0;
				TARGETED_DEVICE_FAMILY = "1,2";
				TEST_HOST = "$(BUILT_PRODUCTS_DIR)/CachingImages.app/CachingImages";
			};
			name = Debug;
		};
		44F92675228498E2007C1685 /* Release */ = {
			isa = XCBuildConfiguration;
			buildSettings = {
				BUNDLE_LOADER = "$(TEST_HOST)";
				CODE_SIGN_STYLE = Automatic;
				DEVELOPMENT_TEAM = A6LEV3WJH3;
				INFOPLIST_FILE = CachingImagesTests/Info.plist;
				IPHONEOS_DEPLOYMENT_TARGET = 11.4;
				LD_RUNPATH_SEARCH_PATHS = (
					"$(inherited)",
					"@executable_path/Frameworks",
					"@loader_path/Frameworks",
				);
				PRODUCT_BUNDLE_IDENTIFIER = com.surendra.CachingImagesTests;
				PRODUCT_NAME = "$(TARGET_NAME)";
				SWIFT_VERSION = 5.0;
				TARGETED_DEVICE_FAMILY = "1,2";
				TEST_HOST = "$(BUILT_PRODUCTS_DIR)/CachingImages.app/CachingImages";
			};
			name = Release;
		};
/* End XCBuildConfiguration section */

/* Begin XCConfigurationList section */
		44156EAA227C6A4900382C4F /* Build configuration list for PBXProject "CachingImages" */ = {
			isa = XCConfigurationList;
			buildConfigurations = (
				44156EBF227C6A4B00382C4F /* Debug */,
				44156EC0227C6A4B00382C4F /* Release */,
			);
			defaultConfigurationIsVisible = 0;
			defaultConfigurationName = Release;
		};
		44156EC1227C6A4B00382C4F /* Build configuration list for PBXNativeTarget "CachingImages" */ = {
			isa = XCConfigurationList;
			buildConfigurations = (
				44156EC2227C6A4B00382C4F /* Debug */,
				44156EC3227C6A4B00382C4F /* Release */,
			);
			defaultConfigurationIsVisible = 0;
			defaultConfigurationName = Release;
		};
		44F92676228498E2007C1685 /* Build configuration list for PBXNativeTarget "CachingImagesTests" */ = {
			isa = XCConfigurationList;
			buildConfigurations = (
				44F92674228498E2007C1685 /* Debug */,
				44F92675228498E2007C1685 /* Release */,
			);
			defaultConfigurationIsVisible = 0;
			defaultConfigurationName = Release;
		};
/* End XCConfigurationList section */
	};
	rootObject = 44156EA7227C6A4900382C4F /* Project object */;
}
